
Microsoft Visual Studio Solution File, Format Version 12.00
# Visual Studio 15
VisualStudioVersion = 15.0.26730.8
MinimumVisualStudioVersion = 10.0.40219.1
Project("{9A19103F-16F7-4668-BE54-9A1E7A4F7556}") = "Core.Foundation", "Core.Foundation\Core.Foundation.csproj", "{E1D6893D-EB7D-4362-A9B7-88CE08F9C51B}"
EndProject
Project("{2150E333-8FDC-42A3-9474-1A3956D46DE8}") = "Core", "Core", "{0BE0CE52-85DF-44C2-AA6A-5635F28E85C1}"
EndProject
Project("{9A19103F-16F7-4668-BE54-9A1E7A4F7556}") = "DeltaBotFour.DependencyResolver", "DeltaBotFour.DependencyResolver\DeltaBotFour.DependencyResolver.csproj", "{B98161F9-5EB1-4547-8728-21A4A3F071B6}"
EndProject
Project("{9A19103F-16F7-4668-BE54-9A1E7A4F7556}") = "DeltaBotFour.Console", "DeltaBotFour.Console\DeltaBotFour.Console.csproj", "{CD1CFFEA-753B-4CC5-98FF-F7627CC04CFB}"
EndProject
Project("{9A19103F-16F7-4668-BE54-9A1E7A4F7556}") = "DeltaBotFour.ServiceInterfaces", "DeltaBotFour.ServiceInterfaces\DeltaBotFour.ServiceInterfaces.csproj", "{D835C9AD-CC9E-4E86-9BB8-2B4F2D368F73}"
EndProject
Project("{9A19103F-16F7-4668-BE54-9A1E7A4F7556}") = "DeltaBotFour.ServiceImplementations", "DeltaBotFour.ServiceImplementations\DeltaBotFour.ServiceImplementations.csproj", "{ED993F95-A597-4CD5-805E-A404B6AAC3F4}"
EndProject
Project("{FAE04EC0-301F-11D3-BF4B-00C04F79EFBC}") = "DeltaBotFour.Models", "DeltaBotFour.Models\DeltaBotFour.Models.csproj", "{1AD8635C-27F8-4621-8D5C-40E1D7258155}"
EndProject
Global
	GlobalSection(SolutionConfigurationPlatforms) = preSolution
		Debug|Any CPU = Debug|Any CPU
		Release|Any CPU = Release|Any CPU
	EndGlobalSection
	GlobalSection(ProjectConfigurationPlatforms) = postSolution
		{E1D6893D-EB7D-4362-A9B7-88CE08F9C51B}.Debug|Any CPU.ActiveCfg = Debug|Any CPU
		{E1D6893D-EB7D-4362-A9B7-88CE08F9C51B}.Debug|Any CPU.Build.0 = Debug|Any CPU
		{E1D6893D-EB7D-4362-A9B7-88CE08F9C51B}.Release|Any CPU.ActiveCfg = Release|Any CPU
		{E1D6893D-EB7D-4362-A9B7-88CE08F9C51B}.Release|Any CPU.Build.0 = Release|Any CPU
		{B98161F9-5EB1-4547-8728-21A4A3F071B6}.Debug|Any CPU.ActiveCfg = Debug|Any CPU
		{B98161F9-5EB1-4547-8728-21A4A3F071B6}.Debug|Any CPU.Build.0 = Debug|Any CPU
		{B98161F9-5EB1-4547-8728-21A4A3F071B6}.Release|Any CPU.ActiveCfg = Release|Any CPU
		{B98161F9-5EB1-4547-8728-21A4A3F071B6}.Release|Any CPU.Build.0 = Release|Any CPU
		{CD1CFFEA-753B-4CC5-98FF-F7627CC04CFB}.Debug|Any CPU.ActiveCfg = Debug|Any CPU
		{CD1CFFEA-753B-4CC5-98FF-F7627CC04CFB}.Debug|Any CPU.Build.0 = Debug|Any CPU
		{CD1CFFEA-753B-4CC5-98FF-F7627CC04CFB}.Release|Any CPU.ActiveCfg = Release|Any CPU
		{CD1CFFEA-753B-4CC5-98FF-F7627CC04CFB}.Release|Any CPU.Build.0 = Release|Any CPU
		{D835C9AD-CC9E-4E86-9BB8-2B4F2D368F73}.Debug|Any CPU.ActiveCfg = Debug|Any CPU
		{D835C9AD-CC9E-4E86-9BB8-2B4F2D368F73}.Debug|Any CPU.Build.0 = Debug|Any CPU
		{D835C9AD-CC9E-4E86-9BB8-2B4F2D368F73}.Release|Any CPU.ActiveCfg = Release|Any CPU
		{D835C9AD-CC9E-4E86-9BB8-2B4F2D368F73}.Release|Any CPU.Build.0 = Release|Any CPU
		{ED993F95-A597-4CD5-805E-A404B6AAC3F4}.Debug|Any CPU.ActiveCfg = Debug|Any CPU
		{ED993F95-A597-4CD5-805E-A404B6AAC3F4}.Debug|Any CPU.Build.0 = Debug|Any CPU
		{ED993F95-A597-4CD5-805E-A404B6AAC3F4}.Release|Any CPU.ActiveCfg = Release|Any CPU
		{ED993F95-A597-4CD5-805E-A404B6AAC3F4}.Release|Any CPU.Build.0 = Release|Any CPU
		{1AD8635C-27F8-4621-8D5C-40E1D7258155}.Debug|Any CPU.ActiveCfg = Debug|Any CPU
		{1AD8635C-27F8-4621-8D5C-40E1D7258155}.Debug|Any CPU.Build.0 = Debug|Any CPU
		{1AD8635C-27F8-4621-8D5C-40E1D7258155}.Release|Any CPU.ActiveCfg = Release|Any CPU
		{1AD8635C-27F8-4621-8D5C-40E1D7258155}.Release|Any CPU.Build.0 = Release|Any CPU
	EndGlobalSection
	GlobalSection(SolutionProperties) = preSolution
		HideSolutionNode = FALSE
	EndGlobalSection
	GlobalSection(NestedProjects) = preSolution
		{E1D6893D-EB7D-4362-A9B7-88CE08F9C51B} = {0BE0CE52-85DF-44C2-AA6A-5635F28E85C1}
	EndGlobalSection
	GlobalSection(ExtensibilityGlobals) = postSolution
		SolutionGuid = {7D73A23A-B5A9-403B-8EE6-33DFACC589F9}
	EndGlobalSection
EndGlobal
